
Microsoft Visual Studio Solution File, Format Version 12.00
# Visual Studio 15
Project("{FAE04EC0-301F-11D3-BF4B-00C04F79EFBC}") = "DerDieDas.Android", "DerDieDas.Android\DerDieDas.Android.csproj", "{F73ADAC2-1BC9-4D0F-B122-4D039EC0E1EF}"
EndProject
Project("{FAE04EC0-301F-11D3-BF4B-00C04F79EFBC}") = "DerDieDas.iOS", "DerDieDas.iOS\DerDieDas.iOS.csproj", "{CE182DE9-6524-46CF-BE15-3C680B1E302D}"
EndProject
Project("{FAE04EC0-301F-11D3-BF4B-00C04F79EFBC}") = "DerDieDas", "DerDieDas\DerDieDas.csproj", "{4D2FF582-7F9D-4438-851F-81626469701B}"
EndProject
Global
	GlobalSection(SolutionConfigurationPlatforms) = preSolution
		Debug|Any CPU = Debug|Any CPU
		Release|Any CPU = Release|Any CPU
		Debug|iPhoneSimulator = Debug|iPhoneSimulator
		Release|iPhoneSimulator = Release|iPhoneSimulator
		Debug|iPhone = Debug|iPhone
		Release|iPhone = Release|iPhone
	EndGlobalSection
	GlobalSection(ProjectConfigurationPlatforms) = postSolution
		{F73ADAC2-1BC9-4D0F-B122-4D039EC0E1EF}.Debug|Any CPU.ActiveCfg = Debug|Any CPU
		{F73ADAC2-1BC9-4D0F-B122-4D039EC0E1EF}.Debug|Any CPU.Build.0 = Debug|Any CPU
		{F73ADAC2-1BC9-4D0F-B122-4D039EC0E1EF}.Release|Any CPU.ActiveCfg = Release|Any CPU
		{F73ADAC2-1BC9-4D0F-B122-4D039EC0E1EF}.Release|Any CPU.Build.0 = Release|Any CPU
		{F73ADAC2-1BC9-4D0F-B122-4D039EC0E1EF}.Debug|iPhoneSimulator.ActiveCfg = Debug|Any CPU
		{F73ADAC2-1BC9-4D0F-B122-4D039EC0E1EF}.Debug|iPhoneSimulator.Build.0 = Debug|Any CPU
		{F73ADAC2-1BC9-4D0F-B122-4D039EC0E1EF}.Release|iPhoneSimulator.ActiveCfg = Release|Any CPU
		{F73ADAC2-1BC9-4D0F-B122-4D039EC0E1EF}.Release|iPhoneSimulator.Build.0 = Release|Any CPU
		{F73ADAC2-1BC9-4D0F-B122-4D039EC0E1EF}.Debug|iPhone.ActiveCfg = Debug|Any CPU
		{F73ADAC2-1BC9-4D0F-B122-4D039EC0E1EF}.Debug|iPhone.Build.0 = Debug|Any CPU
		{F73ADAC2-1BC9-4D0F-B122-4D039EC0E1EF}.Release|iPhone.ActiveCfg = Release|Any CPU
		{F73ADAC2-1BC9-4D0F-B122-4D039EC0E1EF}.Release|iPhone.Build.0 = Release|Any CPU
		{CE182DE9-6524-46CF-BE15-3C680B1E302D}.Debug|Any CPU.ActiveCfg = Debug|iPhoneSimulator
		{CE182DE9-6524-46CF-BE15-3C680B1E302D}.Debug|Any CPU.Build.0 = Debug|iPhoneSimulator
		{CE182DE9-6524-46CF-BE15-3C680B1E302D}.Release|Any CPU.ActiveCfg = Release|iPhoneSimulator
		{CE182DE9-6524-46CF-BE15-3C680B1E302D}.Release|Any CPU.Build.0 = Release|iPhoneSimulator
		{CE182DE9-6524-46CF-BE15-3C680B1E302D}.Debug|iPhoneSimulator.ActiveCfg = Debug|iPhoneSimulator
		{CE182DE9-6524-46CF-BE15-3C680B1E302D}.Debug|iPhoneSimulator.Build.0 = Debug|iPhoneSimulator
		{CE182DE9-6524-46CF-BE15-3C680B1E302D}.Release|iPhoneSimulator.ActiveCfg = Release|iPhoneSimulator
		{CE182DE9-6524-46CF-BE15-3C680B1E302D}.Release|iPhoneSimulator.Build.0 = Release|iPhoneSimulator
		{CE182DE9-6524-46CF-BE15-3C680B1E302D}.Debug|iPhone.ActiveCfg = Debug|iPhone
		{CE182DE9-6524-46CF-BE15-3C680B1E302D}.Debug|iPhone.Build.0 = Debug|iPhone
		{CE182DE9-6524-46CF-BE15-3C680B1E302D}.Release|iPhone.ActiveCfg = Release|iPhone
		{CE182DE9-6524-46CF-BE15-3C680B1E302D}.Release|iPhone.Build.0 = Release|iPhone
		{4D2FF582-7F9D-4438-851F-81626469701B}.Debug|Any CPU.ActiveCfg = Debug|Any CPU
		{4D2FF582-7F9D-4438-851F-81626469701B}.Debug|Any CPU.Build.0 = Debug|Any CPU
		{4D2FF582-7F9D-4438-851F-81626469701B}.Release|Any CPU.ActiveCfg = Release|Any CPU
		{4D2FF582-7F9D-4438-851F-81626469701B}.Release|Any CPU.Build.0 = Release|Any CPU
		{4D2FF582-7F9D-4438-851F-81626469701B}.Debug|iPhoneSimulator.ActiveCfg = Debug|Any CPU
		{4D2FF582-7F9D-4438-851F-81626469701B}.Debug|iPhoneSimulator.Build.0 = Debug|Any CPU
		{4D2FF582-7F9D-4438-851F-81626469701B}.Release|iPhoneSimulator.ActiveCfg = Release|Any CPU
		{4D2FF582-7F9D-4438-851F-81626469701B}.Release|iPhoneSimulator.Build.0 = Release|Any CPU
		{4D2FF582-7F9D-4438-851F-81626469701B}.Debug|iPhone.ActiveCfg = Debug|Any CPU
		{4D2FF582-7F9D-4438-851F-81626469701B}.Debug|iPhone.Build.0 = Debug|Any CPU
		{4D2FF582-7F9D-4438-851F-81626469701B}.Release|iPhone.ActiveCfg = Release|Any CPU
		{4D2FF582-7F9D-4438-851F-81626469701B}.Release|iPhone.Build.0 = Release|Any CPU
	EndGlobalSection
EndGlobal
